// !$*UTF8*$!
{
	archiveVersion = 1;
	classes = {
	};
	objectVersion = 46;
	objects = {

/* Begin PBXBuildFile section */
		56BDA2ED156C2C250091ECEF /* Foundation.framework in Frameworks */ = {isa = PBXBuildFile; fileRef = 56BDA2EC156C2C250091ECEF /* Foundation.framework */; };
		56BDA2F3156C2C250091ECEF /* PMTouch.m in Sources */ = {isa = PBXBuildFile; fileRef = 56BDA2F2156C2C250091ECEF /* PMTouch.m */; };
		56BDA3A6156C34190091ECEF /* ASIAuthenticationDialog.h in Headers */ = {isa = PBXBuildFile; fileRef = 56BDA354156C34190091ECEF /* ASIAuthenticationDialog.h */; settings = {ATTRIBUTES = (Public, ); }; };
		56BDA3A7156C34190091ECEF /* ASIAuthenticationDialog.m in Sources */ = {isa = PBXBuildFile; fileRef = 56BDA355156C34190091ECEF /* ASIAuthenticationDialog.m */; };
		56BDA3A8156C34190091ECEF /* ASICacheDelegate.h in Headers */ = {isa = PBXBuildFile; fileRef = 56BDA356156C34190091ECEF /* ASICacheDelegate.h */; settings = {ATTRIBUTES = (Public, ); }; };
		56BDA3A9156C34190091ECEF /* ASIDataCompressor.h in Headers */ = {isa = PBXBuildFile; fileRef = 56BDA357156C34190091ECEF /* ASIDataCompressor.h */; settings = {ATTRIBUTES = (Public, ); }; };
		56BDA3AA156C34190091ECEF /* ASIDataCompressor.m in Sources */ = {isa = PBXBuildFile; fileRef = 56BDA358156C34190091ECEF /* ASIDataCompressor.m */; };
		56BDA3AB156C34190091ECEF /* ASIDataDecompressor.h in Headers */ = {isa = PBXBuildFile; fileRef = 56BDA359156C34190091ECEF /* ASIDataDecompressor.h */; settings = {ATTRIBUTES = (Public, ); }; };
		56BDA3AC156C34190091ECEF /* ASIDataDecompressor.m in Sources */ = {isa = PBXBuildFile; fileRef = 56BDA35A156C34190091ECEF /* ASIDataDecompressor.m */; };
		56BDA3AD156C34190091ECEF /* ASIDownloadCache.h in Headers */ = {isa = PBXBuildFile; fileRef = 56BDA35B156C34190091ECEF /* ASIDownloadCache.h */; settings = {ATTRIBUTES = (Public, ); }; };
		56BDA3AE156C34190091ECEF /* ASIDownloadCache.m in Sources */ = {isa = PBXBuildFile; fileRef = 56BDA35C156C34190091ECEF /* ASIDownloadCache.m */; };
		56BDA3AF156C34190091ECEF /* ASIFormDataRequest.h in Headers */ = {isa = PBXBuildFile; fileRef = 56BDA35D156C34190091ECEF /* ASIFormDataRequest.h */; settings = {ATTRIBUTES = (Public, ); }; };
		56BDA3B0156C34190091ECEF /* ASIFormDataRequest.m in Sources */ = {isa = PBXBuildFile; fileRef = 56BDA35E156C34190091ECEF /* ASIFormDataRequest.m */; };
		56BDA3B1156C34190091ECEF /* ASIHTTPRequest.h in Headers */ = {isa = PBXBuildFile; fileRef = 56BDA35F156C34190091ECEF /* ASIHTTPRequest.h */; settings = {ATTRIBUTES = (Public, ); }; };
		56BDA3B2156C34190091ECEF /* ASIHTTPRequest.m in Sources */ = {isa = PBXBuildFile; fileRef = 56BDA360156C34190091ECEF /* ASIHTTPRequest.m */; };
		56BDA3B3156C34190091ECEF /* ASIHTTPRequestConfig.h in Headers */ = {isa = PBXBuildFile; fileRef = 56BDA361156C34190091ECEF /* ASIHTTPRequestConfig.h */; settings = {ATTRIBUTES = (Public, ); }; };
		56BDA3B4156C34190091ECEF /* ASIHTTPRequestDelegate.h in Headers */ = {isa = PBXBuildFile; fileRef = 56BDA362156C34190091ECEF /* ASIHTTPRequestDelegate.h */; settings = {ATTRIBUTES = (Public, ); }; };
		56BDA3B5156C34190091ECEF /* ASIInputStream.h in Headers */ = {isa = PBXBuildFile; fileRef = 56BDA363156C34190091ECEF /* ASIInputStream.h */; settings = {ATTRIBUTES = (Public, ); }; };
		56BDA3B6156C34190091ECEF /* ASIInputStream.m in Sources */ = {isa = PBXBuildFile; fileRef = 56BDA364156C34190091ECEF /* ASIInputStream.m */; };
		56BDA3B7156C34190091ECEF /* ASINetworkQueue.h in Headers */ = {isa = PBXBuildFile; fileRef = 56BDA365156C34190091ECEF /* ASINetworkQueue.h */; settings = {ATTRIBUTES = (Public, ); }; };
		56BDA3B8156C34190091ECEF /* ASINetworkQueue.m in Sources */ = {isa = PBXBuildFile; fileRef = 56BDA366156C34190091ECEF /* ASINetworkQueue.m */; };
		56BDA3B9156C34190091ECEF /* ASIProgressDelegate.h in Headers */ = {isa = PBXBuildFile; fileRef = 56BDA367156C34190091ECEF /* ASIProgressDelegate.h */; settings = {ATTRIBUTES = (Public, ); }; };
		56BDA3F8156C34AF0091ECEF /* Reachability.h in Headers */ = {isa = PBXBuildFile; fileRef = 56BDA3F6156C34AF0091ECEF /* Reachability.h */; settings = {ATTRIBUTES = (Public, ); }; };
		56BDA3F9156C34AF0091ECEF /* Reachability.m in Sources */ = {isa = PBXBuildFile; fileRef = 56BDA3F7156C34AF0091ECEF /* Reachability.m */; };
		56BDA468156C3DAE0091ECEF /* PMTouch.h in Headers */ = {isa = PBXBuildFile; fileRef = 56BDA2F1156C2C250091ECEF /* PMTouch.h */; settings = {ATTRIBUTES = (Public, ); }; };
		56BDA48A156C46B90091ECEF /* PMTRequest.h in Headers */ = {isa = PBXBuildFile; fileRef = 56BDA487156C46B90091ECEF /* PMTRequest.h */; settings = {ATTRIBUTES = (Public, ); }; };
		56BDA48B156C46B90091ECEF /* PMTRequest.m in Sources */ = {isa = PBXBuildFile; fileRef = 56BDA488156C46B90091ECEF /* PMTRequest.m */; };
		56BDA48C156C46B90091ECEF /* PMTRequestDelegate.h in Headers */ = {isa = PBXBuildFile; fileRef = 56BDA489156C46B90091ECEF /* PMTRequestDelegate.h */; settings = {ATTRIBUTES = (Public, ); }; };
		56BDA491156C46FE0091ECEF /* PMTClient.h in Headers */ = {isa = PBXBuildFile; fileRef = 56BDA48F156C46FE0091ECEF /* PMTClient.h */; };
		56BDA492156C46FE0091ECEF /* PMTClient.m in Sources */ = {isa = PBXBuildFile; fileRef = 56BDA490156C46FE0091ECEF /* PMTClient.m */; };
		56BDA495156C47040091ECEF /* PMTResponse.h in Headers */ = {isa = PBXBuildFile; fileRef = 56BDA493156C47040091ECEF /* PMTResponse.h */; };
		56BDA496156C47040091ECEF /* PMTResponse.m in Sources */ = {isa = PBXBuildFile; fileRef = 56BDA494156C47040091ECEF /* PMTResponse.m */; };
/* End PBXBuildFile section */

/* Begin PBXFileReference section */
		56BDA2E9156C2C250091ECEF /* libPMTouch.a */ = {isa = PBXFileReference; explicitFileType = archive.ar; includeInIndex = 0; path = libPMTouch.a; sourceTree = BUILT_PRODUCTS_DIR; };
		56BDA2EC156C2C250091ECEF /* Foundation.framework */ = {isa = PBXFileReference; lastKnownFileType = wrapper.framework; name = Foundation.framework; path = System/Library/Frameworks/Foundation.framework; sourceTree = SDKROOT; };
		56BDA2F0156C2C250091ECEF /* PMTouch-Prefix.pch */ = {isa = PBXFileReference; lastKnownFileType = sourcecode.c.h; path = "PMTouch-Prefix.pch"; sourceTree = "<group>"; };
		56BDA2F1156C2C250091ECEF /* PMTouch.h */ = {isa = PBXFileReference; lastKnownFileType = sourcecode.c.h; path = PMTouch.h; sourceTree = "<group>"; };
		56BDA2F2156C2C250091ECEF /* PMTouch.m */ = {isa = PBXFileReference; lastKnownFileType = sourcecode.c.objc; path = PMTouch.m; sourceTree = "<group>"; };
		56BDA354156C34190091ECEF /* ASIAuthenticationDialog.h */ = {isa = PBXFileReference; fileEncoding = 4; lastKnownFileType = sourcecode.c.h; path = ASIAuthenticationDialog.h; sourceTree = "<group>"; };
		56BDA355156C34190091ECEF /* ASIAuthenticationDialog.m */ = {isa = PBXFileReference; fileEncoding = 4; lastKnownFileType = sourcecode.c.objc; path = ASIAuthenticationDialog.m; sourceTree = "<group>"; };
		56BDA356156C34190091ECEF /* ASICacheDelegate.h */ = {isa = PBXFileReference; fileEncoding = 4; lastKnownFileType = sourcecode.c.h; path = ASICacheDelegate.h; sourceTree = "<group>"; };
		56BDA357156C34190091ECEF /* ASIDataCompressor.h */ = {isa = PBXFileReference; fileEncoding = 4; lastKnownFileType = sourcecode.c.h; path = ASIDataCompressor.h; sourceTree = "<group>"; };
		56BDA358156C34190091ECEF /* ASIDataCompressor.m */ = {isa = PBXFileReference; fileEncoding = 4; lastKnownFileType = sourcecode.c.objc; path = ASIDataCompressor.m; sourceTree = "<group>"; };
		56BDA359156C34190091ECEF /* ASIDataDecompressor.h */ = {isa = PBXFileReference; fileEncoding = 4; lastKnownFileType = sourcecode.c.h; path = ASIDataDecompressor.h; sourceTree = "<group>"; };
		56BDA35A156C34190091ECEF /* ASIDataDecompressor.m */ = {isa = PBXFileReference; fileEncoding = 4; lastKnownFileType = sourcecode.c.objc; path = ASIDataDecompressor.m; sourceTree = "<group>"; };
		56BDA35B156C34190091ECEF /* ASIDownloadCache.h */ = {isa = PBXFileReference; fileEncoding = 4; lastKnownFileType = sourcecode.c.h; path = ASIDownloadCache.h; sourceTree = "<group>"; };
		56BDA35C156C34190091ECEF /* ASIDownloadCache.m */ = {isa = PBXFileReference; fileEncoding = 4; lastKnownFileType = sourcecode.c.objc; path = ASIDownloadCache.m; sourceTree = "<group>"; };
		56BDA35D156C34190091ECEF /* ASIFormDataRequest.h */ = {isa = PBXFileReference; fileEncoding = 4; lastKnownFileType = sourcecode.c.h; path = ASIFormDataRequest.h; sourceTree = "<group>"; };
		56BDA35E156C34190091ECEF /* ASIFormDataRequest.m */ = {isa = PBXFileReference; fileEncoding = 4; lastKnownFileType = sourcecode.c.objc; path = ASIFormDataRequest.m; sourceTree = "<group>"; };
		56BDA35F156C34190091ECEF /* ASIHTTPRequest.h */ = {isa = PBXFileReference; fileEncoding = 4; lastKnownFileType = sourcecode.c.h; path = ASIHTTPRequest.h; sourceTree = "<group>"; };
		56BDA360156C34190091ECEF /* ASIHTTPRequest.m */ = {isa = PBXFileReference; fileEncoding = 4; lastKnownFileType = sourcecode.c.objc; path = ASIHTTPRequest.m; sourceTree = "<group>"; };
		56BDA361156C34190091ECEF /* ASIHTTPRequestConfig.h */ = {isa = PBXFileReference; fileEncoding = 4; lastKnownFileType = sourcecode.c.h; path = ASIHTTPRequestConfig.h; sourceTree = "<group>"; };
		56BDA362156C34190091ECEF /* ASIHTTPRequestDelegate.h */ = {isa = PBXFileReference; fileEncoding = 4; lastKnownFileType = sourcecode.c.h; path = ASIHTTPRequestDelegate.h; sourceTree = "<group>"; };
		56BDA363156C34190091ECEF /* ASIInputStream.h */ = {isa = PBXFileReference; fileEncoding = 4; lastKnownFileType = sourcecode.c.h; path = ASIInputStream.h; sourceTree = "<group>"; };
		56BDA364156C34190091ECEF /* ASIInputStream.m */ = {isa = PBXFileReference; fileEncoding = 4; lastKnownFileType = sourcecode.c.objc; path = ASIInputStream.m; sourceTree = "<group>"; };
		56BDA365156C34190091ECEF /* ASINetworkQueue.h */ = {isa = PBXFileReference; fileEncoding = 4; lastKnownFileType = sourcecode.c.h; path = ASINetworkQueue.h; sourceTree = "<group>"; };
		56BDA366156C34190091ECEF /* ASINetworkQueue.m */ = {isa = PBXFileReference; fileEncoding = 4; lastKnownFileType = sourcecode.c.objc; path = ASINetworkQueue.m; sourceTree = "<group>"; };
		56BDA367156C34190091ECEF /* ASIProgressDelegate.h */ = {isa = PBXFileReference; fileEncoding = 4; lastKnownFileType = sourcecode.c.h; path = ASIProgressDelegate.h; sourceTree = "<group>"; };
		56BDA3F6156C34AF0091ECEF /* Reachability.h */ = {isa = PBXFileReference; fileEncoding = 4; lastKnownFileType = sourcecode.c.h; path = Reachability.h; sourceTree = "<group>"; };
		56BDA3F7156C34AF0091ECEF /* Reachability.m */ = {isa = PBXFileReference; fileEncoding = 4; lastKnownFileType = sourcecode.c.objc; path = Reachability.m; sourceTree = "<group>"; };
		56BDA487156C46B90091ECEF /* PMTRequest.h */ = {isa = PBXFileReference; fileEncoding = 4; lastKnownFileType = sourcecode.c.h; path = PMTRequest.h; sourceTree = "<group>"; };
		56BDA488156C46B90091ECEF /* PMTRequest.m */ = {isa = PBXFileReference; fileEncoding = 4; lastKnownFileType = sourcecode.c.objc; path = PMTRequest.m; sourceTree = "<group>"; };
		56BDA489156C46B90091ECEF /* PMTRequestDelegate.h */ = {isa = PBXFileReference; fileEncoding = 4; lastKnownFileType = sourcecode.c.h; path = PMTRequestDelegate.h; sourceTree = "<group>"; };
		56BDA48F156C46FE0091ECEF /* PMTClient.h */ = {isa = PBXFileReference; fileEncoding = 4; lastKnownFileType = sourcecode.c.h; path = PMTClient.h; sourceTree = "<group>"; };
		56BDA490156C46FE0091ECEF /* PMTClient.m */ = {isa = PBXFileReference; fileEncoding = 4; lastKnownFileType = sourcecode.c.objc; path = PMTClient.m; sourceTree = "<group>"; };
		56BDA493156C47040091ECEF /* PMTResponse.h */ = {isa = PBXFileReference; fileEncoding = 4; lastKnownFileType = sourcecode.c.h; path = PMTResponse.h; sourceTree = "<group>"; };
		56BDA494156C47040091ECEF /* PMTResponse.m */ = {isa = PBXFileReference; fileEncoding = 4; lastKnownFileType = sourcecode.c.objc; path = PMTResponse.m; sourceTree = "<group>"; };
/* End PBXFileReference section */

/* Begin PBXFrameworksBuildPhase section */
		56BDA2E6156C2C250091ECEF /* Frameworks */ = {
			isa = PBXFrameworksBuildPhase;
			buildActionMask = 2147483647;
			files = (
				56BDA2ED156C2C250091ECEF /* Foundation.framework in Frameworks */,
			);
			runOnlyForDeploymentPostprocessing = 0;
		};
/* End PBXFrameworksBuildPhase section */

/* Begin PBXGroup section */
		56BDA2DE156C2C250091ECEF = {
			isa = PBXGroup;
			children = (
				56BDA2EE156C2C250091ECEF /* PMTouch */,
				56BDA2EB156C2C250091ECEF /* Frameworks */,
				56BDA2EA156C2C250091ECEF /* Products */,
			);
			sourceTree = "<group>";
		};
		56BDA2EA156C2C250091ECEF /* Products */ = {
			isa = PBXGroup;
			children = (
				56BDA2E9156C2C250091ECEF /* libPMTouch.a */,
			);
			name = Products;
			sourceTree = "<group>";
		};
		56BDA2EB156C2C250091ECEF /* Frameworks */ = {
			isa = PBXGroup;
			children = (
				56BDA2EC156C2C250091ECEF /* Foundation.framework */,
			);
			name = Frameworks;
			sourceTree = "<group>";
		};
		56BDA2EE156C2C250091ECEF /* PMTouch */ = {
			isa = PBXGroup;
			children = (
				56BDA34D156C2FA30091ECEF /* Libraries */,
				56BDA33B156C2EC30091ECEF /* Classes */,
				56BDA2F1156C2C250091ECEF /* PMTouch.h */,
				56BDA2F2156C2C250091ECEF /* PMTouch.m */,
				56BDA2EF156C2C250091ECEF /* Supporting Files */,
			);
			path = PMTouch;
			sourceTree = "<group>";
		};
		56BDA2EF156C2C250091ECEF /* Supporting Files */ = {
			isa = PBXGroup;
			children = (
				56BDA2F0156C2C250091ECEF /* PMTouch-Prefix.pch */,
			);
			name = "Supporting Files";
			sourceTree = "<group>";
		};
		56BDA33B156C2EC30091ECEF /* Classes */ = {
			isa = PBXGroup;
			children = (
				56BDA33D156C2EDA0091ECEF /* Networking */,
			);
			path = Classes;
			sourceTree = "<group>";
		};
		56BDA33D156C2EDA0091ECEF /* Networking */ = {
			isa = PBXGroup;
			children = (
				56BDA48E156C46CC0091ECEF /* Client */,
				56BDA486156C468B0091ECEF /* Request */,
				56BDA48D156C46C70091ECEF /* Response */,
			);
			path = Networking;
			sourceTree = "<group>";
		};
		56BDA34D156C2FA30091ECEF /* Libraries */ = {
			isa = PBXGroup;
			children = (
				56BDA352156C33F50091ECEF /* ASIHTTPRequest */,
			);
			path = Libraries;
			sourceTree = "<group>";
		};
		56BDA352156C33F50091ECEF /* ASIHTTPRequest */ = {
			isa = PBXGroup;
			children = (
				56BDA353156C34190091ECEF /* Classes */,
				56BDA3F4156C34980091ECEF /* External */,
			);
			path = ASIHTTPRequest;
			sourceTree = "<group>";
		};
		56BDA353156C34190091ECEF /* Classes */ = {
			isa = PBXGroup;
			children = (
				56BDA354156C34190091ECEF /* ASIAuthenticationDialog.h */,
				56BDA355156C34190091ECEF /* ASIAuthenticationDialog.m */,
				56BDA356156C34190091ECEF /* ASICacheDelegate.h */,
				56BDA357156C34190091ECEF /* ASIDataCompressor.h */,
				56BDA358156C34190091ECEF /* ASIDataCompressor.m */,
				56BDA359156C34190091ECEF /* ASIDataDecompressor.h */,
				56BDA35A156C34190091ECEF /* ASIDataDecompressor.m */,
				56BDA35B156C34190091ECEF /* ASIDownloadCache.h */,
				56BDA35C156C34190091ECEF /* ASIDownloadCache.m */,
				56BDA35D156C34190091ECEF /* ASIFormDataRequest.h */,
				56BDA35E156C34190091ECEF /* ASIFormDataRequest.m */,
				56BDA35F156C34190091ECEF /* ASIHTTPRequest.h */,
				56BDA360156C34190091ECEF /* ASIHTTPRequest.m */,
				56BDA361156C34190091ECEF /* ASIHTTPRequestConfig.h */,
				56BDA362156C34190091ECEF /* ASIHTTPRequestDelegate.h */,
				56BDA363156C34190091ECEF /* ASIInputStream.h */,
				56BDA364156C34190091ECEF /* ASIInputStream.m */,
				56BDA365156C34190091ECEF /* ASINetworkQueue.h */,
				56BDA366156C34190091ECEF /* ASINetworkQueue.m */,
				56BDA367156C34190091ECEF /* ASIProgressDelegate.h */,
			);
			path = Classes;
			sourceTree = "<group>";
		};
		56BDA3F4156C34980091ECEF /* External */ = {
			isa = PBXGroup;
			children = (
				56BDA3F5156C34AF0091ECEF /* Reachability */,
			);
			path = External;
			sourceTree = "<group>";
		};
		56BDA3F5156C34AF0091ECEF /* Reachability */ = {
			isa = PBXGroup;
			children = (
				56BDA3F6156C34AF0091ECEF /* Reachability.h */,
				56BDA3F7156C34AF0091ECEF /* Reachability.m */,
			);
			path = Reachability;
			sourceTree = "<group>";
		};
		56BDA486156C468B0091ECEF /* Request */ = {
			isa = PBXGroup;
			children = (
				56BDA487156C46B90091ECEF /* PMTRequest.h */,
				56BDA488156C46B90091ECEF /* PMTRequest.m */,
				56BDA489156C46B90091ECEF /* PMTRequestDelegate.h */,
			);
			path = Request;
			sourceTree = "<group>";
		};
		56BDA48D156C46C70091ECEF /* Response */ = {
			isa = PBXGroup;
			children = (
				56BDA493156C47040091ECEF /* PMTResponse.h */,
				56BDA494156C47040091ECEF /* PMTResponse.m */,
			);
			path = Response;
			sourceTree = "<group>";
		};
		56BDA48E156C46CC0091ECEF /* Client */ = {
			isa = PBXGroup;
			children = (
				56BDA48F156C46FE0091ECEF /* PMTClient.h */,
				56BDA490156C46FE0091ECEF /* PMTClient.m */,
			);
			path = Client;
			sourceTree = "<group>";
		};
/* End PBXGroup section */

/* Begin PBXHeadersBuildPhase section */
		56BDA2E7156C2C250091ECEF /* Headers */ = {
			isa = PBXHeadersBuildPhase;
			buildActionMask = 2147483647;
			files = (
				56BDA3A6156C34190091ECEF /* ASIAuthenticationDialog.h in Headers */,
				56BDA3A8156C34190091ECEF /* ASICacheDelegate.h in Headers */,
				56BDA3A9156C34190091ECEF /* ASIDataCompressor.h in Headers */,
				56BDA3AB156C34190091ECEF /* ASIDataDecompressor.h in Headers */,
				56BDA3AD156C34190091ECEF /* ASIDownloadCache.h in Headers */,
				56BDA3AF156C34190091ECEF /* ASIFormDataRequest.h in Headers */,
				56BDA3B1156C34190091ECEF /* ASIHTTPRequest.h in Headers */,
				56BDA3B3156C34190091ECEF /* ASIHTTPRequestConfig.h in Headers */,
				56BDA3B4156C34190091ECEF /* ASIHTTPRequestDelegate.h in Headers */,
				56BDA3B5156C34190091ECEF /* ASIInputStream.h in Headers */,
				56BDA3B7156C34190091ECEF /* ASINetworkQueue.h in Headers */,
				56BDA3B9156C34190091ECEF /* ASIProgressDelegate.h in Headers */,
				56BDA3F8156C34AF0091ECEF /* Reachability.h in Headers */,
				56BDA468156C3DAE0091ECEF /* PMTouch.h in Headers */,
				56BDA48A156C46B90091ECEF /* PMTRequest.h in Headers */,
				56BDA48C156C46B90091ECEF /* PMTRequestDelegate.h in Headers */,
				56BDA491156C46FE0091ECEF /* PMTClient.h in Headers */,
				56BDA495156C47040091ECEF /* PMTResponse.h in Headers */,
			);
			runOnlyForDeploymentPostprocessing = 0;
		};
/* End PBXHeadersBuildPhase section */

/* Begin PBXNativeTarget section */
		56BDA2E8156C2C250091ECEF /* PMTouch */ = {
			isa = PBXNativeTarget;
			buildConfigurationList = 56BDA2F6156C2C250091ECEF /* Build configuration list for PBXNativeTarget "PMTouch" */;
			buildPhases = (
				56BDA2E5156C2C250091ECEF /* Sources */,
				56BDA2E6156C2C250091ECEF /* Frameworks */,
				56BDA2E7156C2C250091ECEF /* Headers */,
			);
			buildRules = (
			);
			dependencies = (
			);
			name = PMTouch;
			productName = PMTouch;
			productReference = 56BDA2E9156C2C250091ECEF /* libPMTouch.a */;
			productType = "com.apple.product-type.library.static";
		};
/* End PBXNativeTarget section */

/* Begin PBXProject section */
		56BDA2E0156C2C250091ECEF /* Project object */ = {
			isa = PBXProject;
			attributes = {
				LastUpgradeCheck = 0430;
				ORGANIZATIONNAME = pragmamark.org;
			};
			buildConfigurationList = 56BDA2E3156C2C250091ECEF /* Build configuration list for PBXProject "PMTouch" */;
			compatibilityVersion = "Xcode 3.2";
			developmentRegion = English;
			hasScannedForEncodings = 0;
			knownRegions = (
				en,
			);
			mainGroup = 56BDA2DE156C2C250091ECEF;
			productRefGroup = 56BDA2EA156C2C250091ECEF /* Products */;
			projectDirPath = "";
			projectRoot = "";
			targets = (
				56BDA2E8156C2C250091ECEF /* PMTouch */,
			);
		};
/* End PBXProject section */

/* Begin PBXSourcesBuildPhase section */
		56BDA2E5156C2C250091ECEF /* Sources */ = {
			isa = PBXSourcesBuildPhase;
			buildActionMask = 2147483647;
			files = (
				56BDA2F3156C2C250091ECEF /* PMTouch.m in Sources */,
				56BDA3A7156C34190091ECEF /* ASIAuthenticationDialog.m in Sources */,
				56BDA3AA156C34190091ECEF /* ASIDataCompressor.m in Sources */,
				56BDA3AC156C34190091ECEF /* ASIDataDecompressor.m in Sources */,
				56BDA3AE156C34190091ECEF /* ASIDownloadCache.m in Sources */,
				56BDA3B0156C34190091ECEF /* ASIFormDataRequest.m in Sources */,
				56BDA3B2156C34190091ECEF /* ASIHTTPRequest.m in Sources */,
				56BDA3B6156C34190091ECEF /* ASIInputStream.m in Sources */,
				56BDA3B8156C34190091ECEF /* ASINetworkQueue.m in Sources */,
				56BDA3F9156C34AF0091ECEF /* Reachability.m in Sources */,
				56BDA48B156C46B90091ECEF /* PMTRequest.m in Sources */,
				56BDA492156C46FE0091ECEF /* PMTClient.m in Sources */,
				56BDA496156C47040091ECEF /* PMTResponse.m in Sources */,
			);
			runOnlyForDeploymentPostprocessing = 0;
		};
/* End PBXSourcesBuildPhase section */

/* Begin XCBuildConfiguration section */
		56BDA2F4156C2C250091ECEF /* Debug */ = {
			isa = XCBuildConfiguration;
			buildSettings = {
				ALWAYS_SEARCH_USER_PATHS = NO;
				ARCHS = "$(ARCHS_STANDARD_32_BIT)";
				COPY_PHASE_STRIP = NO;
				GCC_C_LANGUAGE_STANDARD = gnu99;
				GCC_DYNAMIC_NO_PIC = NO;
				GCC_OPTIMIZATION_LEVEL = 0;
				GCC_PREPROCESSOR_DEFINITIONS = (
					"DEBUG=1",
					"$(inherited)",
				);
				GCC_SYMBOLS_PRIVATE_EXTERN = NO;
				GCC_VERSION = com.apple.compilers.llvm.clang.1_0;
				GCC_WARN_ABOUT_RETURN_TYPE = YES;
				GCC_WARN_UNINITIALIZED_AUTOS = YES;
				GCC_WARN_UNUSED_VARIABLE = YES;
				IPHONEOS_DEPLOYMENT_TARGET = 5.1;
				SDKROOT = iphoneos;
			};
			name = Debug;
		};
		56BDA2F5156C2C250091ECEF /* Release */ = {
			isa = XCBuildConfiguration;
			buildSettings = {
				ALWAYS_SEARCH_USER_PATHS = NO;
				ARCHS = "$(ARCHS_STANDARD_32_BIT)";
				COPY_PHASE_STRIP = YES;
				GCC_C_LANGUAGE_STANDARD = gnu99;
				GCC_VERSION = com.apple.compilers.llvm.clang.1_0;
				GCC_WARN_ABOUT_RETURN_TYPE = YES;
				GCC_WARN_UNINITIALIZED_AUTOS = YES;
				GCC_WARN_UNUSED_VARIABLE = YES;
				IPHONEOS_DEPLOYMENT_TARGET = 5.1;
				SDKROOT = iphoneos;
				VALIDATE_PRODUCT = YES;
			};
			name = Release;
		};
		56BDA2F7156C2C250091ECEF /* Debug */ = {
			isa = XCBuildConfiguration;
			buildSettings = {
				DSTROOT = /tmp/PMTouch.dst;
				GCC_PRECOMPILE_PREFIX_HEADER = YES;
				GCC_PREFIX_HEADER = "PMTouch/PMTouch-Prefix.pch";
				INSTALL_PATH = "$(BUILT_PRODUCTS_DIR)";
				OTHER_LDFLAGS = "-ObjC";
				PRODUCT_NAME = "$(TARGET_NAME)";
				PUBLIC_HEADERS_FOLDER_PATH = "$(TARGET_NAME)";
				SKIP_INSTALL = YES;
			};
			name = Debug;
		};
		56BDA2F8156C2C250091ECEF /* Release */ = {
			isa = XCBuildConfiguration;
			buildSettings = {
				DSTROOT = /tmp/PMTouch.dst;
				GCC_PRECOMPILE_PREFIX_HEADER = YES;
				GCC_PREFIX_HEADER = "PMTouch/PMTouch-Prefix.pch";
				INSTALL_PATH = "$(BUILT_PRODUCTS_DIR)";
				OTHER_LDFLAGS = "-ObjC";
				PRODUCT_NAME = "$(TARGET_NAME)";
				PUBLIC_HEADERS_FOLDER_PATH = "$(TARGET_NAME)";
				SKIP_INSTALL = YES;
			};
			name = Release;
		};
/* End XCBuildConfiguration section */

/* Begin XCConfigurationList section */
		56BDA2E3156C2C250091ECEF /* Build configuration list for PBXProject "PMTouch" */ = {
			isa = XCConfigurationList;
			buildConfigurations = (
				56BDA2F4156C2C250091ECEF /* Debug */,
				56BDA2F5156C2C250091ECEF /* Release */,
			);
			defaultConfigurationIsVisible = 0;
			defaultConfigurationName = Release;
		};
		56BDA2F6156C2C250091ECEF /* Build configuration list for PBXNativeTarget "PMTouch" */ = {
			isa = XCConfigurationList;
			buildConfigurations = (
				56BDA2F7156C2C250091ECEF /* Debug */,
				56BDA2F8156C2C250091ECEF /* Release */,
			);
			defaultConfigurationIsVisible = 0;
			defaultConfigurationName = Release;
		};
/* End XCConfigurationList section */
	};
	rootObject = 56BDA2E0156C2C250091ECEF /* Project object */;
}
